
Microsoft Visual Studio Solution File, Format Version 12.00
# Visual Studio 15
VisualStudioVersion = 15.0.28010.2019
MinimumVisualStudioVersion = 10.0.40219.1
Project("{9092AA53-FB77-4645-B42D-1CCCA6BD08BD}") = "Decorators", "Decorators.njsproj", "{CACEFC1F-1CB7-4CED-B684-2C16B2F43038}"
EndProject
Global
	GlobalSection(SolutionConfigurationPlatforms) = preSolution
		Debug|Any CPU = Debug|Any CPU
		Release|Any CPU = Release|Any CPU
	EndGlobalSection
	GlobalSection(ProjectConfigurationPlatforms) = postSolution
		{CACEFC1F-1CB7-4CED-B684-2C16B2F43038}.Debug|Any CPU.ActiveCfg = Debug|Any CPU
		{CACEFC1F-1CB7-4CED-B684-2C16B2F43038}.Debug|Any CPU.Build.0 = Debug|Any CPU
		{CACEFC1F-1CB7-4CED-B684-2C16B2F43038}.Release|Any CPU.ActiveCfg = Release|Any CPU
		{CACEFC1F-1CB7-4CED-B684-2C16B2F43038}.Release|Any CPU.Build.0 = Release|Any CPU
	EndGlobalSection
	GlobalSection(SolutionProperties) = preSolution
		HideSolutionNode = FALSE
	EndGlobalSection
	GlobalSection(ExtensibilityGlobals) = postSolution
		SolutionGuid = {1E5D32A0-DFBE-41D8-91B1-6D7330778DD4}
	EndGlobalSection
EndGlobal
