
Microsoft Visual Studio Solution File, Format Version 12.00
# Visual Studio 15
VisualStudioVersion = 15.0.28010.2019
MinimumVisualStudioVersion = 10.0.40219.1
Project("{9092AA53-FB77-4645-B42D-1CCCA6BD08BD}") = "UsingClassesToCreateObjects", "UsingClassesToCreateObjects.njsproj", "{9C542CF3-4F67-4864-AB2D-F9042E7671DC}"
EndProject
Global
	GlobalSection(SolutionConfigurationPlatforms) = preSolution
		Debug|Any CPU = Debug|Any CPU
		Release|Any CPU = Release|Any CPU
	EndGlobalSection
	GlobalSection(ProjectConfigurationPlatforms) = postSolution
		{9C542CF3-4F67-4864-AB2D-F9042E7671DC}.Debug|Any CPU.ActiveCfg = Debug|Any CPU
		{9C542CF3-4F67-4864-AB2D-F9042E7671DC}.Debug|Any CPU.Build.0 = Debug|Any CPU
		{9C542CF3-4F67-4864-AB2D-F9042E7671DC}.Release|Any CPU.ActiveCfg = Release|Any CPU
		{9C542CF3-4F67-4864-AB2D-F9042E7671DC}.Release|Any CPU.Build.0 = Release|Any CPU
	EndGlobalSection
	GlobalSection(SolutionProperties) = preSolution
		HideSolutionNode = FALSE
	EndGlobalSection
	GlobalSection(ExtensibilityGlobals) = postSolution
		SolutionGuid = {64792ACD-4B93-4EAB-983C-3CFE3BAE50B3}
	EndGlobalSection
EndGlobal
