
Microsoft Visual Studio Solution File, Format Version 12.00
# Visual Studio 15
VisualStudioVersion = 15.0.28010.2019
MinimumVisualStudioVersion = 10.0.40219.1
Project("{9092AA53-FB77-4645-B42D-1CCCA6BD08BD}") = "Generics", "Generics.njsproj", "{2B8F9DCB-BD6E-4ADE-AA1A-C2213E5C08EF}"
EndProject
Global
	GlobalSection(SolutionConfigurationPlatforms) = preSolution
		Debug|Any CPU = Debug|Any CPU
		Release|Any CPU = Release|Any CPU
	EndGlobalSection
	GlobalSection(ProjectConfigurationPlatforms) = postSolution
		{2B8F9DCB-BD6E-4ADE-AA1A-C2213E5C08EF}.Debug|Any CPU.ActiveCfg = Debug|Any CPU
		{2B8F9DCB-BD6E-4ADE-AA1A-C2213E5C08EF}.Debug|Any CPU.Build.0 = Debug|Any CPU
		{2B8F9DCB-BD6E-4ADE-AA1A-C2213E5C08EF}.Release|Any CPU.ActiveCfg = Release|Any CPU
		{2B8F9DCB-BD6E-4ADE-AA1A-C2213E5C08EF}.Release|Any CPU.Build.0 = Release|Any CPU
	EndGlobalSection
	GlobalSection(SolutionProperties) = preSolution
		HideSolutionNode = FALSE
	EndGlobalSection
	GlobalSection(ExtensibilityGlobals) = postSolution
		SolutionGuid = {DA4C267E-1401-4E1A-9E34-BFBCF0EA6E12}
	EndGlobalSection
EndGlobal
