
Microsoft Visual Studio Solution File, Format Version 12.00
# Visual Studio 15
VisualStudioVersion = 15.0.28010.2019
MinimumVisualStudioVersion = 10.0.40219.1
Project("{9092AA53-FB77-4645-B42D-1CCCA6BD08BD}") = "JavascriptLibraries", "JavascriptLibraries.njsproj", "{304D123A-E95A-4393-A971-A1C197119914}"
EndProject
Global
	GlobalSection(SolutionConfigurationPlatforms) = preSolution
		Debug|Any CPU = Debug|Any CPU
		Release|Any CPU = Release|Any CPU
	EndGlobalSection
	GlobalSection(ProjectConfigurationPlatforms) = postSolution
		{304D123A-E95A-4393-A971-A1C197119914}.Debug|Any CPU.ActiveCfg = Debug|Any CPU
		{304D123A-E95A-4393-A971-A1C197119914}.Debug|Any CPU.Build.0 = Debug|Any CPU
		{304D123A-E95A-4393-A971-A1C197119914}.Release|Any CPU.ActiveCfg = Release|Any CPU
		{304D123A-E95A-4393-A971-A1C197119914}.Release|Any CPU.Build.0 = Release|Any CPU
	EndGlobalSection
	GlobalSection(SolutionProperties) = preSolution
		HideSolutionNode = FALSE
	EndGlobalSection
	GlobalSection(ExtensibilityGlobals) = postSolution
		SolutionGuid = {F9ACC0F6-36C2-455A-8D7E-13674CF8D69A}
	EndGlobalSection
EndGlobal
